// !$*UTF8*$!
{
	archiveVersion = 1;
	classes = {
	};
	objectVersion = 48;
	objects = {

/* Begin PBXBuildFile section */
		A63EC39F21A5DA8F0039AC6C /* AppDelegate.swift in Sources */ = {isa = PBXBuildFile; fileRef = A63EC39E21A5DA8F0039AC6C /* AppDelegate.swift */; };
		A63EC3A121A5DA8F0039AC6C /* ViewController.swift in Sources */ = {isa = PBXBuildFile; fileRef = A63EC3A021A5DA8F0039AC6C /* ViewController.swift */; };
		A63EC3A421A5DA8F0039AC6C /* Main.storyboard in Resources */ = {isa = PBXBuildFile; fileRef = A63EC3A221A5DA8F0039AC6C /* Main.storyboard */; };
		A63EC3A721A5DA8F0039AC6C /* PokemonGo.xcdatamodeld in Sources */ = {isa = PBXBuildFile; fileRef = A63EC3A521A5DA8F0039AC6C /* PokemonGo.xcdatamodeld */; };
		A63EC3A921A5DA8F0039AC6C /* Assets.xcassets in Resources */ = {isa = PBXBuildFile; fileRef = A63EC3A821A5DA8F0039AC6C /* Assets.xcassets */; };
		A63EC3AC21A5DA8F0039AC6C /* LaunchScreen.storyboard in Resources */ = {isa = PBXBuildFile; fileRef = A63EC3AA21A5DA8F0039AC6C /* LaunchScreen.storyboard */; };
		A63EC3B521A5DC250039AC6C /* MapKit.framework in Frameworks */ = {isa = PBXBuildFile; fileRef = A63EC3B421A5DC250039AC6C /* MapKit.framework */; };
		A63EC3B721A5FB2E0039AC6C /* PokedexViewController.swift in Sources */ = {isa = PBXBuildFile; fileRef = A63EC3B621A5FB2E0039AC6C /* PokedexViewController.swift */; };
		A63EC3B921A5FD620039AC6C /* Funciones.swift in Sources */ = {isa = PBXBuildFile; fileRef = A63EC3B821A5FD620039AC6C /* Funciones.swift */; };
		A6CDE40121A71D58006801F3 /* PokePin.swift in Sources */ = {isa = PBXBuildFile; fileRef = A6CDE40021A71D58006801F3 /* PokePin.swift */; };
/* End PBXBuildFile section */

/* Begin PBXFileReference section */
		A63EC39B21A5DA8F0039AC6C /* PokemonGo.app */ = {isa = PBXFileReference; explicitFileType = wrapper.application; includeInIndex = 0; path = PokemonGo.app; sourceTree = BUILT_PRODUCTS_DIR; };
		A63EC39E21A5DA8F0039AC6C /* AppDelegate.swift */ = {isa = PBXFileReference; lastKnownFileType = sourcecode.swift; path = AppDelegate.swift; sourceTree = "<group>"; };
		A63EC3A021A5DA8F0039AC6C /* ViewController.swift */ = {isa = PBXFileReference; lastKnownFileType = sourcecode.swift; path = ViewController.swift; sourceTree = "<group>"; };
		A63EC3A321A5DA8F0039AC6C /* Base */ = {isa = PBXFileReference; lastKnownFileType = file.storyboard; name = Base; path = Base.lproj/Main.storyboard; sourceTree = "<group>"; };
		A63EC3A621A5DA8F0039AC6C /* PokemonGo.xcdatamodel */ = {isa = PBXFileReference; lastKnownFileType = wrapper.xcdatamodel; path = PokemonGo.xcdatamodel; sourceTree = "<group>"; };
		A63EC3A821A5DA8F0039AC6C /* Assets.xcassets */ = {isa = PBXFileReference; lastKnownFileType = folder.assetcatalog; path = Assets.xcassets; sourceTree = "<group>"; };
		A63EC3AB21A5DA8F0039AC6C /* Base */ = {isa = PBXFileReference; lastKnownFileType = file.storyboard; name = Base; path = Base.lproj/LaunchScreen.storyboard; sourceTree = "<group>"; };
		A63EC3AD21A5DA8F0039AC6C /* Info.plist */ = {isa = PBXFileReference; lastKnownFileType = text.plist.xml; path = Info.plist; sourceTree = "<group>"; };
		A63EC3B421A5DC250039AC6C /* MapKit.framework */ = {isa = PBXFileReference; lastKnownFileType = wrapper.framework; name = MapKit.framework; path = System/Library/Frameworks/MapKit.framework; sourceTree = SDKROOT; };
		A63EC3B621A5FB2E0039AC6C /* PokedexViewController.swift */ = {isa = PBXFileReference; lastKnownFileType = sourcecode.swift; path = PokedexViewController.swift; sourceTree = "<group>"; };
		A63EC3B821A5FD620039AC6C /* Funciones.swift */ = {isa = PBXFileReference; lastKnownFileType = sourcecode.swift; path = Funciones.swift; sourceTree = "<group>"; };
		A6CDE40021A71D58006801F3 /* PokePin.swift */ = {isa = PBXFileReference; lastKnownFileType = sourcecode.swift; path = PokePin.swift; sourceTree = "<group>"; };
/* End PBXFileReference section */

/* Begin PBXFrameworksBuildPhase section */
		A63EC39821A5DA8F0039AC6C /* Frameworks */ = {
			isa = PBXFrameworksBuildPhase;
			buildActionMask = 2147483647;
			files = (
				A63EC3B521A5DC250039AC6C /* MapKit.framework in Frameworks */,
			);
			runOnlyForDeploymentPostprocessing = 0;
		};
/* End PBXFrameworksBuildPhase section */

/* Begin PBXGroup section */
		A63EC39221A5DA8F0039AC6C = {
			isa = PBXGroup;
			children = (
				A63EC39D21A5DA8F0039AC6C /* PokemonGo */,
				A63EC39C21A5DA8F0039AC6C /* Products */,
				A63EC3B321A5DC250039AC6C /* Frameworks */,
			);
			sourceTree = "<group>";
		};
		A63EC39C21A5DA8F0039AC6C /* Products */ = {
			isa = PBXGroup;
			children = (
				A63EC39B21A5DA8F0039AC6C /* PokemonGo.app */,
			);
			name = Products;
			sourceTree = "<group>";
		};
		A63EC39D21A5DA8F0039AC6C /* PokemonGo */ = {
			isa = PBXGroup;
			children = (
				A63EC39E21A5DA8F0039AC6C /* AppDelegate.swift */,
				A63EC3A021A5DA8F0039AC6C /* ViewController.swift */,
				A63EC3A221A5DA8F0039AC6C /* Main.storyboard */,
				A63EC3A821A5DA8F0039AC6C /* Assets.xcassets */,
				A63EC3AA21A5DA8F0039AC6C /* LaunchScreen.storyboard */,
				A63EC3AD21A5DA8F0039AC6C /* Info.plist */,
				A63EC3A521A5DA8F0039AC6C /* PokemonGo.xcdatamodeld */,
				A63EC3B621A5FB2E0039AC6C /* PokedexViewController.swift */,
				A63EC3B821A5FD620039AC6C /* Funciones.swift */,
				A6CDE40021A71D58006801F3 /* PokePin.swift */,
			);
			path = PokemonGo;
			sourceTree = "<group>";
		};
		A63EC3B321A5DC250039AC6C /* Frameworks */ = {
			isa = PBXGroup;
			children = (
				A63EC3B421A5DC250039AC6C /* MapKit.framework */,
			);
			name = Frameworks;
			sourceTree = "<group>";
		};
/* End PBXGroup section */

/* Begin PBXNativeTarget section */
		A63EC39A21A5DA8F0039AC6C /* PokemonGo */ = {
			isa = PBXNativeTarget;
			buildConfigurationList = A63EC3B021A5DA8F0039AC6C /* Build configuration list for PBXNativeTarget "PokemonGo" */;
			buildPhases = (
				A63EC39721A5DA8F0039AC6C /* Sources */,
				A63EC39821A5DA8F0039AC6C /* Frameworks */,
				A63EC39921A5DA8F0039AC6C /* Resources */,
			);
			buildRules = (
			);
			dependencies = (
			);
			name = PokemonGo;
			productName = PokemonGo;
			productReference = A63EC39B21A5DA8F0039AC6C /* PokemonGo.app */;
			productType = "com.apple.product-type.application";
		};
/* End PBXNativeTarget section */

/* Begin PBXProject section */
		A63EC39321A5DA8F0039AC6C /* Project object */ = {
			isa = PBXProject;
			attributes = {
				LastSwiftUpdateCheck = 0920;
				LastUpgradeCheck = 0920;
				ORGANIZATIONNAME = Tecsup;
				TargetAttributes = {
					A63EC39A21A5DA8F0039AC6C = {
						CreatedOnToolsVersion = 9.2;
						ProvisioningStyle = Automatic;
					};
				};
			};
			buildConfigurationList = A63EC39621A5DA8F0039AC6C /* Build configuration list for PBXProject "PokemonGo" */;
			compatibilityVersion = "Xcode 8.0";
			developmentRegion = en;
			hasScannedForEncodings = 0;
			knownRegions = (
				en,
				Base,
			);
			mainGroup = A63EC39221A5DA8F0039AC6C;
			productRefGroup = A63EC39C21A5DA8F0039AC6C /* Products */;
			projectDirPath = "";
			projectRoot = "";
			targets = (
				A63EC39A21A5DA8F0039AC6C /* PokemonGo */,
			);
		};
/* End PBXProject section */

/* Begin PBXResourcesBuildPhase section */
		A63EC39921A5DA8F0039AC6C /* Resources */ = {
			isa = PBXResourcesBuildPhase;
			buildActionMask = 2147483647;
			files = (
				A63EC3AC21A5DA8F0039AC6C /* LaunchScreen.storyboard in Resources */,
				A63EC3A921A5DA8F0039AC6C /* Assets.xcassets in Resources */,
				A63EC3A421A5DA8F0039AC6C /* Main.storyboard in Resources */,
			);
			runOnlyForDeploymentPostprocessing = 0;
		};
/* End PBXResourcesBuildPhase section */

/* Begin PBXSourcesBuildPhase section */
		A63EC39721A5DA8F0039AC6C /* Sources */ = {
			isa = PBXSourcesBuildPhase;
			buildActionMask = 2147483647;
			files = (
				A6CDE40121A71D58006801F3 /* PokePin.swift in Sources */,
				A63EC3A121A5DA8F0039AC6C /* ViewController.swift in Sources */,
				A63EC3B721A5FB2E0039AC6C /* PokedexViewController.swift in Sources */,
				A63EC39F21A5DA8F0039AC6C /* AppDelegate.swift in Sources */,
				A63EC3A721A5DA8F0039AC6C /* PokemonGo.xcdatamodeld in Sources */,
				A63EC3B921A5FD620039AC6C /* Funciones.swift in Sources */,
			);
			runOnlyForDeploymentPostprocessing = 0;
		};
/* End PBXSourcesBuildPhase section */

/* Begin PBXVariantGroup section */
		A63EC3A221A5DA8F0039AC6C /* Main.storyboard */ = {
			isa = PBXVariantGroup;
			children = (
				A63EC3A321A5DA8F0039AC6C /* Base */,
			);
			name = Main.storyboard;
			sourceTree = "<group>";
		};
		A63EC3AA21A5DA8F0039AC6C /* LaunchScreen.storyboard */ = {
			isa = PBXVariantGroup;
			children = (
				A63EC3AB21A5DA8F0039AC6C /* Base */,
			);
			name = LaunchScreen.storyboard;
			sourceTree = "<group>";
		};
/* End PBXVariantGroup section */

/* Begin XCBuildConfiguration section */
		A63EC3AE21A5DA8F0039AC6C /* Debug */ = {
			isa = XCBuildConfiguration;
			buildSettings = {
				ALWAYS_SEARCH_USER_PATHS = NO;
				CLANG_ANALYZER_NONNULL = YES;
				CLANG_ANALYZER_NUMBER_OBJECT_CONVERSION = YES_AGGRESSIVE;
				CLANG_CXX_LANGUAGE_STANDARD = "gnu++14";
				CLANG_CXX_LIBRARY = "libc++";
				CLANG_ENABLE_MODULES = YES;
				CLANG_ENABLE_OBJC_ARC = YES;
				CLANG_WARN_BLOCK_CAPTURE_AUTORELEASING = YES;
				CLANG_WARN_BOOL_CONVERSION = YES;
				CLANG_WARN_COMMA = YES;
				CLANG_WARN_CONSTANT_CONVERSION = YES;
				CLANG_WARN_DIRECT_OBJC_ISA_USAGE = YES_ERROR;
				CLANG_WARN_DOCUMENTATION_COMMENTS = YES;
				CLANG_WARN_EMPTY_BODY = YES;
				CLANG_WARN_ENUM_CONVERSION = YES;
				CLANG_WARN_INFINITE_RECURSION = YES;
				CLANG_WARN_INT_CONVERSION = YES;
				CLANG_WARN_NON_LITERAL_NULL_CONVERSION = YES;
				CLANG_WARN_OBJC_LITERAL_CONVERSION = YES;
				CLANG_WARN_OBJC_ROOT_CLASS = YES_ERROR;
				CLANG_WARN_RANGE_LOOP_ANALYSIS = YES;
				CLANG_WARN_STRICT_PROTOTYPES = YES;
				CLANG_WARN_SUSPICIOUS_MOVE = YES;
				CLANG_WARN_UNGUARDED_AVAILABILITY = YES_AGGRESSIVE;
				CLANG_WARN_UNREACHABLE_CODE = YES;
				CLANG_WARN__DUPLICATE_METHOD_MATCH = YES;
				CODE_SIGN_IDENTITY = "iPhone Developer";
				COPY_PHASE_STRIP = NO;
				DEBUG_INFORMATION_FORMAT = dwarf;
				ENABLE_STRICT_OBJC_MSGSEND = YES;
				ENABLE_TESTABILITY = YES;
				GCC_C_LANGUAGE_STANDARD = gnu11;
				GCC_DYNAMIC_NO_PIC = NO;
				GCC_NO_COMMON_BLOCKS = YES;
				GCC_OPTIMIZATION_LEVEL = 0;
				GCC_PREPROCESSOR_DEFINITIONS = (
					"DEBUG=1",
					"$(inherited)",
				);
				GCC_WARN_64_TO_32_BIT_CONVERSION = YES;
				GCC_WARN_ABOUT_RETURN_TYPE = YES_ERROR;
				GCC_WARN_UNDECLARED_SELECTOR = YES;
				GCC_WARN_UNINITIALIZED_AUTOS = YES_AGGRESSIVE;
				GCC_WARN_UNUSED_FUNCTION = YES;
				GCC_WARN_UNUSED_VARIABLE = YES;
				IPHONEOS_DEPLOYMENT_TARGET = 11.2;
				MTL_ENABLE_DEBUG_INFO = YES;
				ONLY_ACTIVE_ARCH = YES;
				SDKROOT = iphoneos;
				SWIFT_ACTIVE_COMPILATION_CONDITIONS = DEBUG;
				SWIFT_OPTIMIZATION_LEVEL = "-Onone";
			};
			name = Debug;
		};
		A63EC3AF21A5DA8F0039AC6C /* Release */ = {
			isa = XCBuildConfiguration;
			buildSettings = {
				ALWAYS_SEARCH_USER_PATHS = NO;
				CLANG_ANALYZER_NONNULL = YES;
				CLANG_ANALYZER_NUMBER_OBJECT_CONVERSION = YES_AGGRESSIVE;
				CLANG_CXX_LANGUAGE_STANDARD = "gnu++14";
				CLANG_CXX_LIBRARY = "libc++";
				CLANG_ENABLE_MODULES = YES;
				CLANG_ENABLE_OBJC_ARC = YES;
				CLANG_WARN_BLOCK_CAPTURE_AUTORELEASING = YES;
				CLANG_WARN_BOOL_CONVERSION = YES;
				CLANG_WARN_COMMA = YES;
				CLANG_WARN_CONSTANT_CONVERSION = YES;
				CLANG_WARN_DIRECT_OBJC_ISA_USAGE = YES_ERROR;
				CLANG_WARN_DOCUMENTATION_COMMENTS = YES;
				CLANG_WARN_EMPTY_BODY = YES;
				CLANG_WARN_ENUM_CONVERSION = YES;
				CLANG_WARN_INFINITE_RECURSION = YES;
				CLANG_WARN_INT_CONVERSION = YES;
				CLANG_WARN_NON_LITERAL_NULL_CONVERSION = YES;
				CLANG_WARN_OBJC_LITERAL_CONVERSION = YES;
				CLANG_WARN_OBJC_ROOT_CLASS = YES_ERROR;
				CLANG_WARN_RANGE_LOOP_ANALYSIS = YES;
				CLANG_WARN_STRICT_PROTOTYPES = YES;
				CLANG_WARN_SUSPICIOUS_MOVE = YES;
				CLANG_WARN_UNGUARDED_AVAILABILITY = YES_AGGRESSIVE;
				CLANG_WARN_UNREACHABLE_CODE = YES;
				CLANG_WARN__DUPLICATE_METHOD_MATCH = YES;
				CODE_SIGN_IDENTITY = "iPhone Developer";
				COPY_PHASE_STRIP = NO;
				DEBUG_INFORMATION_FORMAT = "dwarf-with-dsym";
				ENABLE_NS_ASSERTIONS = NO;
				ENABLE_STRICT_OBJC_MSGSEND = YES;
				GCC_C_LANGUAGE_STANDARD = gnu11;
				GCC_NO_COMMON_BLOCKS = YES;
				GCC_WARN_64_TO_32_BIT_CONVERSION = YES;
				GCC_WARN_ABOUT_RETURN_TYPE = YES_ERROR;
				GCC_WARN_UNDECLARED_SELECTOR = YES;
				GCC_WARN_UNINITIALIZED_AUTOS = YES_AGGRESSIVE;
				GCC_WARN_UNUSED_FUNCTION = YES;
				GCC_WARN_UNUSED_VARIABLE = YES;
				IPHONEOS_DEPLOYMENT_TARGET = 11.2;
				MTL_ENABLE_DEBUG_INFO = NO;
				SDKROOT = iphoneos;
				SWIFT_OPTIMIZATION_LEVEL = "-Owholemodule";
				VALIDATE_PRODUCT = YES;
			};
			name = Release;
		};
		A63EC3B121A5DA8F0039AC6C /* Debug */ = {
			isa = XCBuildConfiguration;
			buildSettings = {
				ASSETCATALOG_COMPILER_APPICON_NAME = AppIcon;
				CODE_SIGN_STYLE = Automatic;
				DEVELOPMENT_TEAM = 59KRGYPPS4;
				INFOPLIST_FILE = PokemonGo/Info.plist;
				LD_RUNPATH_SEARCH_PATHS = "$(inherited) @executable_path/Frameworks";
				PRODUCT_BUNDLE_IDENTIFIER = com.PokemonGo;
				PRODUCT_NAME = "$(TARGET_NAME)";
				SWIFT_VERSION = 4.0;
				TARGETED_DEVICE_FAMILY = "1,2";
			};
			name = Debug;
		};
		A63EC3B221A5DA8F0039AC6C /* Release */ = {
			isa = XCBuildConfiguration;
			buildSettings = {
				ASSETCATALOG_COMPILER_APPICON_NAME = AppIcon;
				CODE_SIGN_STYLE = Automatic;
				DEVELOPMENT_TEAM = 59KRGYPPS4;
				INFOPLIST_FILE = PokemonGo/Info.plist;
				LD_RUNPATH_SEARCH_PATHS = "$(inherited) @executable_path/Frameworks";
				PRODUCT_BUNDLE_IDENTIFIER = com.PokemonGo;
				PRODUCT_NAME = "$(TARGET_NAME)";
				SWIFT_VERSION = 4.0;
				TARGETED_DEVICE_FAMILY = "1,2";
			};
			name = Release;
		};
/* End XCBuildConfiguration section */

/* Begin XCConfigurationList section */
		A63EC39621A5DA8F0039AC6C /* Build configuration list for PBXProject "PokemonGo" */ = {
			isa = XCConfigurationList;
			buildConfigurations = (
				A63EC3AE21A5DA8F0039AC6C /* Debug */,
				A63EC3AF21A5DA8F0039AC6C /* Release */,
			);
			defaultConfigurationIsVisible = 0;
			defaultConfigurationName = Release;
		};
		A63EC3B021A5DA8F0039AC6C /* Build configuration list for PBXNativeTarget "PokemonGo" */ = {
			isa = XCConfigurationList;
			buildConfigurations = (
				A63EC3B121A5DA8F0039AC6C /* Debug */,
				A63EC3B221A5DA8F0039AC6C /* Release */,
			);
			defaultConfigurationIsVisible = 0;
			defaultConfigurationName = Release;
		};
/* End XCConfigurationList section */

/* Begin XCVersionGroup section */
		A63EC3A521A5DA8F0039AC6C /* PokemonGo.xcdatamodeld */ = {
			isa = XCVersionGroup;
			children = (
				A63EC3A621A5DA8F0039AC6C /* PokemonGo.xcdatamodel */,
			);
			currentVersion = A63EC3A621A5DA8F0039AC6C /* PokemonGo.xcdatamodel */;
			path = PokemonGo.xcdatamodeld;
			sourceTree = "<group>";
			versionGroupType = wrapper.xcdatamodel;
		};
/* End XCVersionGroup section */
	};
	rootObject = A63EC39321A5DA8F0039AC6C /* Project object */;
}
